
Microsoft Visual Studio Solution File, Format Version 12.00
# Visual Studio 2017
Project("{FAE04EC0-301F-11D3-BF4B-00C04F79EFBC}") = "Unity2017VirtualUI", "Unity2017VirtualUI.csproj", "{63FD9487-5F20-AF05-8046-D89CCEB0C978}"
EndProject
Project("{FAE04EC0-301F-11D3-BF4B-00C04F79EFBC}") = "Unity2017VirtualUI.Editor", "Unity2017VirtualUI.Editor.csproj", "{5A800D84-183D-BC68-39A9-0E07B8220B53}"
EndProject
Global
	GlobalSection(SolutionConfigurationPlatforms) = preSolution
		Debug|Any CPU = Debug|Any CPU
		Release|Any CPU = Release|Any CPU
	EndGlobalSection
	GlobalSection(ProjectConfigurationPlatforms) = postSolution
		{63FD9487-5F20-AF05-8046-D89CCEB0C978}.Debug|Any CPU.ActiveCfg = Debug|Any CPU
		{63FD9487-5F20-AF05-8046-D89CCEB0C978}.Debug|Any CPU.Build.0 = Debug|Any CPU
		{63FD9487-5F20-AF05-8046-D89CCEB0C978}.Release|Any CPU.ActiveCfg = Release|Any CPU
		{63FD9487-5F20-AF05-8046-D89CCEB0C978}.Release|Any CPU.Build.0 = Release|Any CPU
		{5A800D84-183D-BC68-39A9-0E07B8220B53}.Debug|Any CPU.ActiveCfg = Debug|Any CPU
		{5A800D84-183D-BC68-39A9-0E07B8220B53}.Debug|Any CPU.Build.0 = Debug|Any CPU
		{5A800D84-183D-BC68-39A9-0E07B8220B53}.Release|Any CPU.ActiveCfg = Release|Any CPU
		{5A800D84-183D-BC68-39A9-0E07B8220B53}.Release|Any CPU.Build.0 = Release|Any CPU
	EndGlobalSection
	GlobalSection(SolutionProperties) = preSolution
		HideSolutionNode = FALSE
	EndGlobalSection
EndGlobal
